PODS:
  - Alamofire (5.4.0)
  - AMShimmer (1.0.6)
  - AppsFlyerFramework (6.1.2):
    - AppsFlyerFramework/Main (= 6.1.2)
  - AppsFlyerFramework/Main (6.1.2)
  - BMPlayer/CacheSupport (1.3.2):
    - BMPlayer/Core
    - NVActivityIndicatorView (~> 4.7.0)
    - SnapKit (~> 5.0.0)
    - VIMediaCache
  - BMPlayer/Core (1.3.2)
  - CropViewController (2.5.5)
  - FBSDKCoreKit (6.5.2):
    - FBSDKCoreKit/Basics (= 6.5.2)
    - FBSDKCoreKit/Core (= 6.5.2)
  - FBSDKCoreKit/Basics (6.5.2)
  - FBSDKCoreKit/Core (6.5.2):
    - FBSDKCoreKit/Basics
  - FBSDKCoreKit/Swift (6.5.2):
    - FBSDKCoreKit/Core
  - FBSDKLoginKit/Login (6.5.2):
    - FBSDKCoreKit (~> 6.5.2)
  - FBSDKLoginKit/Swift (6.5.2):
    - FBSDKCoreKit/Swift (~> 6.5.2)
    - FBSDKLoginKit/Login
  - FBSDKShareKit/Share (6.5.2):
    - FBSDKCoreKit (~> 6.5.2)
  - FBSDKShareKit/Swift (6.5.2):
    - FBSDKCoreKit/Swift (~> 6.5.2)
    - FBSDKShareKit/Share
  - Firebase/Analytics (7.2.0):
    - Firebase/Core
  - Firebase/Core (7.2.0):
    - Firebase/CoreOnly
    - FirebaseAnalytics (= 7.2.0)
  - Firebase/CoreOnly (7.2.0):
    - FirebaseCore (= 7.2.0)
  - Firebase/Crashlytics (7.2.0):
    - Firebase/CoreOnly
    - FirebaseCrashlytics (~> 7.2.0)
  - Firebase/Database (7.2.0):
    - Firebase/CoreOnly
    - FirebaseDatabase (~> 7.2.0)
  - Firebase/RemoteConfig (7.2.0):
    - Firebase/CoreOnly
    - FirebaseRemoteConfig (~> 7.2.0)
  - FirebaseABTesting (7.2.0):
    - FirebaseCore (~> 7.0)
  - FirebaseAnalytics (7.2.0):
    - FirebaseCore (~> 7.0)
    - FirebaseInstallations (~> 7.0)
    - GoogleAppMeasurement (= 7.2.0)
    - GoogleUtilities/AppDelegateSwizzler (~> 7.0)
    - GoogleUtilities/MethodSwizzler (~> 7.0)
    - GoogleUtilities/Network (~> 7.0)
    - "GoogleUtilities/NSData+zlib (~> 7.0)"
    - nanopb (~> 2.30906.0)
  - FirebaseCore (7.2.0):
    - FirebaseCoreDiagnostics (~> 7.0)
    - GoogleUtilities/Environment (~> 7.0)
    - GoogleUtilities/Logger (~> 7.0)
  - FirebaseCoreDiagnostics (7.2.0):
    - GoogleDataTransport (~> 8.0)
    - GoogleUtilities/Environment (~> 7.0)
    - GoogleUtilities/Logger (~> 7.0)
    - nanopb (~> 2.30906.0)
  - FirebaseCrashlytics (7.2.0):
    - FirebaseCore (~> 7.0)
    - FirebaseInstallations (~> 7.0)
    - GoogleDataTransport (~> 8.0)
    - nanopb (~> 2.30906.0)
    - PromisesObjC (~> 1.2)
  - FirebaseDatabase (7.2.0):
    - FirebaseCore (~> 7.0)
    - leveldb-library (~> 1.22)
  - FirebaseInstallations (7.2.0):
    - FirebaseCore (~> 7.0)
    - GoogleUtilities/Environment (~> 7.0)
    - GoogleUtilities/UserDefaults (~> 7.0)
    - PromisesObjC (~> 1.2)
  - FirebaseRemoteConfig (7.2.0):
    - FirebaseABTesting (~> 7.0)
    - FirebaseCore (~> 7.0)
    - FirebaseInstallations (~> 7.0)
    - GoogleUtilities/Environment (~> 7.0)
    - "GoogleUtilities/NSData+zlib (~> 7.0)"
  - FTPopOverMenu_Swift (0.2.1)
  - GoogleAppMeasurement (7.2.0):
    - GoogleUtilities/AppDelegateSwizzler (~> 7.0)
    - GoogleUtilities/MethodSwizzler (~> 7.0)
    - GoogleUtilities/Network (~> 7.0)
    - "GoogleUtilities/NSData+zlib (~> 7.0)"
    - nanopb (~> 2.30906.0)
  - GoogleDataTransport (8.0.1):
    - nanopb (~> 2.30906.0)
  - GoogleUtilities/AppDelegateSwizzler (7.1.1):
    - GoogleUtilities/Environment
    - GoogleUtilities/Logger
    - GoogleUtilities/Network
  - GoogleUtilities/Environment (7.1.1):
    - PromisesObjC (~> 1.2)
  - GoogleUtilities/Logger (7.1.1):
    - GoogleUtilities/Environment
  - GoogleUtilities/MethodSwizzler (7.1.1):
    - GoogleUtilities/Logger
  - GoogleUtilities/Network (7.1.1):
    - GoogleUtilities/Logger
    - "GoogleUtilities/NSData+zlib"
    - GoogleUtilities/Reachability
  - "GoogleUtilities/NSData+zlib (7.1.1)"
  - GoogleUtilities/Reachability (7.1.1):
    - GoogleUtilities/Logger
  - GoogleUtilities/UserDefaults (7.1.1):
    - GoogleUtilities/Logger
  - leveldb-library (1.22)
  - lottie-ios (3.1.9)
  - nanopb (2.30906.0):
    - nanopb/decode (= 2.30906.0)
    - nanopb/encode (= 2.30906.0)
  - nanopb/decode (2.30906.0)
  - nanopb/encode (2.30906.0)
  - naveridlogin-sdk-ios (4.1.3)
  - NVActivityIndicatorView (4.7.0):
    - NVActivityIndicatorView/Presenter (= 4.7.0)
  - NVActivityIndicatorView/Presenter (4.7.0)
  - PromisesObjC (1.2.11)
  - ReverseExtension (0.5.0)
  - SDWebImage (5.10.0):
    - SDWebImage/Core (= 5.10.0)
  - SDWebImage/Core (5.10.0)
  - SnapKit (5.0.1)
  - SwiftSoup (2.3.2)
  - VIMediaCache (0.4)
  - YoutubePlayer-in-WKWebView (0.3.4)

DEPENDENCIES:
  - Alamofire
  - AMShimmer
  - AppsFlyerFramework
  - BMPlayer/CacheSupport
  - CropViewController
  - FBSDKCoreKit/Swift
  - FBSDKLoginKit/Swift
  - FBSDKShareKit/Swift
  - Firebase/Analytics
  - Firebase/CoreOnly
  - Firebase/Crashlytics
  - Firebase/Database
  - Firebase/RemoteConfig
  - FTPopOverMenu_Swift (~> 0.2.0)
  - lottie-ios
  - naveridlogin-sdk-ios
  - ReverseExtension
  - SDWebImage
  - SwiftSoup
  - YoutubePlayer-in-WKWebView (~> 0.3.0)

SPEC REPOS:
  trunk:
    - Alamofire
    - AMShimmer
    - AppsFlyerFramework
    - BMPlayer
    - CropViewController
    - FBSDKCoreKit
    - FBSDKLoginKit
    - FBSDKShareKit
    - Firebase
    - FirebaseABTesting
    - FirebaseAnalytics
    - FirebaseCore
    - FirebaseCoreDiagnostics
    - FirebaseCrashlytics
    - FirebaseDatabase
    - FirebaseInstallations
    - FirebaseRemoteConfig
    - FTPopOverMenu_Swift
    - GoogleAppMeasurement
    - GoogleDataTransport
    - GoogleUtilities
    - leveldb-library
    - lottie-ios
    - nanopb
    - naveridlogin-sdk-ios
    - NVActivityIndicatorView
    - PromisesObjC
    - ReverseExtension
    - SDWebImage
    - SnapKit
    - SwiftSoup
    - VIMediaCache
    - YoutubePlayer-in-WKWebView

SPEC CHECKSUMS:
  Alamofire: 3b6a534a3df22db367e4dedeeca73d1ddfcf0e2f
  AMShimmer: 681eeaaedf9fc4e390e95e9dd6fe59df947cfee0
  AppsFlyerFramework: 5087a06404430126bfbc8f66cfae8eb13d735658
  BMPlayer: e4b241bd088644d7b89d991a1a65d1b1615d19b3
  CropViewController: bd3ff11eeeaadc1e267bb9c3f3e9ee67a52d3285
  FBSDKCoreKit: ada5c8a05188daefc9addb985c52b8a1b26da519
  FBSDKLoginKit: caa165495afa29a12324cb2307fe6e5b33783142
  FBSDKShareKit: d0538e2385480d8b2901468c80abcf22aeaf2abd
  Firebase: 456eeacc158d8c58586b7871619a81bb9f27d4ae
  FirebaseABTesting: 55ed7b94464eee98180d91131f3c85e554ae243d
  FirebaseAnalytics: 2673264e482b428df13786b59165ebf420881d7a
  FirebaseCore: c959e8a598f83125c01c1700d9161b236ab3833c
  FirebaseCoreDiagnostics: 2d508e12e77e9691ca67d1669b91ee80f0985b29
  FirebaseCrashlytics: 8afbf6e9c3731adee0e721870c9e7b40b0e8fd44
  FirebaseDatabase: efb4d986413f55f7d9a05e621bd86ca1589e6ca7
  FirebaseInstallations: 9ab3a9a6522e687f59ff9bcfd92949ac85073f3c
  FirebaseRemoteConfig: 73cad38920c491ea81c5c66f9e94a87f265b85a4
  FTPopOverMenu_Swift: c91ce7301c358264743de028bc28177ee9d8e1a4
  GoogleAppMeasurement: 57a0df93dc2feb5176b1bac06012dbd725191ba5
  GoogleDataTransport: e4085e6762f36a6141738f46b0153473ce57fb18
  GoogleUtilities: 3dc4ff0d5e4840e2fa8eef0889620e8c33d4218c
  leveldb-library: 55d93ee664b4007aac644a782d11da33fba316f7
  lottie-ios: 3a3758ef5a008e762faec9c9d50a39842f26d124
  nanopb: 1bf24dd71191072e120b83dd02d08f3da0d65e53
  naveridlogin-sdk-ios: b9d7c20677981177ed994ecb1c8c2b49f223277d
  NVActivityIndicatorView: b19ddab2576f805cbe0fb2306cba3476e09a1dea
  PromisesObjC: 8c196f5a328c2cba3e74624585467a557dcb482f
  ReverseExtension: 21c8dd4e767f93b56fb97d873686d24160f83945
  SDWebImage: 9169792e9eec3e45bba2a0c02f74bf8bd922d1ee
  SnapKit: 97b92857e3df3a0c71833cce143274bf6ef8e5eb
  SwiftSoup: f97bc4e988c7729d6457f9642f974c617a6e2510
  VIMediaCache: aa650f82cb114c68a343beb4e67416cf5eb2f3a2
  YoutubePlayer-in-WKWebView: af2f5929fc78882d94bfdfeea999b661b78d9717

PODFILE CHECKSUM: ab2291936d8ec0bbccac7d5c96f18571a91eda06

COCOAPODS: 1.8.4
